// !$*UTF8*$!
{
	archiveVersion = 1;
	classes = {
	};
	objectVersion = 60;
	objects = {
		ECA55E710000000000000004 /* EchoPilot.icns in Resources */ = {isa = PBXBuildFile; fileRef = ECA55E710000000000000003 /* EchoPilot.icns */; };
		ECA55E710000000000000002 /* Assets.xcassets in Resources */ = {isa = PBXBuildFile; fileRef = ECA55E710000000000000001 /* Assets.xcassets */; };
		ECA55E710000000000000006 /* scripts in Resources */ = {isa = PBXBuildFile; fileRef = ECA55E710000000000000005 /* scripts */; };
		CC84F43451D64AA299F08E0E /* EchoPilotApp.swift in Sources */ = {isa = PBXBuildFile; fileRef = 486512294DE14561AFB9E1BA /* EchoPilotApp.swift */; };
		ECA55E720000000000000101 /* EchoPilotTheme.swift in Sources */ = {isa = PBXBuildFile; fileRef = ECA55E720000000000000201 /* EchoPilotTheme.swift */; };
		ECA55E720000000000000102 /* MeetingCommandCenterView.swift in Sources */ = {isa = PBXBuildFile; fileRef = ECA55E720000000000000202 /* MeetingCommandCenterView.swift */; };
		ECA55E720000000000000103 /* MeetingSidebarView.swift in Sources */ = {isa = PBXBuildFile; fileRef = ECA55E720000000000000203 /* MeetingSidebarView.swift */; };
		ECA55E720000000000000104 /* MeetingDetectionCard.swift in Sources */ = {isa = PBXBuildFile; fileRef = ECA55E720000000000000204 /* MeetingDetectionCard.swift */; };
		ECA55E720000000000000105 /* RecordingControlCard.swift in Sources */ = {isa = PBXBuildFile; fileRef = ECA55E720000000000000205 /* RecordingControlCard.swift */; };
		ECA55E720000000000000106 /* TranscriptionInspectorView.swift in Sources */ = {isa = PBXBuildFile; fileRef = ECA55E720000000000000206 /* TranscriptionInspectorView.swift */; };
		ECA55E720000000000000107 /* MeetingReviewView.swift in Sources */ = {isa = PBXBuildFile; fileRef = ECA55E720000000000000207 /* MeetingReviewView.swift */; };
		486512294DE14561AFB9E1BA /* EchoPilotApp.swift */ = {isa = PBXFileReference; lastKnownFileType = sourcecode.swift; path = "EchoPilotApp.swift"; sourceTree = "<group>"; };
		ECA55E720000000000000201 /* EchoPilotTheme.swift */ = {isa = PBXFileReference; lastKnownFileType = sourcecode.swift; path = "EchoPilotTheme.swift"; sourceTree = "<group>"; };
		ECA55E720000000000000202 /* MeetingCommandCenterView.swift */ = {isa = PBXFileReference; lastKnownFileType = sourcecode.swift; path = "MeetingCommandCenterView.swift"; sourceTree = "<group>"; };
		ECA55E720000000000000203 /* MeetingSidebarView.swift */ = {isa = PBXFileReference; lastKnownFileType = sourcecode.swift; path = "MeetingSidebarView.swift"; sourceTree = "<group>"; };
		ECA55E720000000000000204 /* MeetingDetectionCard.swift */ = {isa = PBXFileReference; lastKnownFileType = sourcecode.swift; path = "MeetingDetectionCard.swift"; sourceTree = "<group>"; };
		ECA55E720000000000000205 /* RecordingControlCard.swift */ = {isa = PBXFileReference; lastKnownFileType = sourcecode.swift; path = "RecordingControlCard.swift"; sourceTree = "<group>"; };
		ECA55E720000000000000206 /* TranscriptionInspectorView.swift */ = {isa = PBXFileReference; lastKnownFileType = sourcecode.swift; path = "TranscriptionInspectorView.swift"; sourceTree = "<group>"; };
		ECA55E720000000000000207 /* MeetingReviewView.swift */ = {isa = PBXFileReference; lastKnownFileType = sourcecode.swift; path = "MeetingReviewView.swift"; sourceTree = "<group>"; };
		ECA55E710000000000000005 /* scripts */ = {isa = PBXFileReference; lastKnownFileType = folder; path = scripts; sourceTree = SOURCE_ROOT; };
		ECA55E710000000000000003 /* EchoPilot.icns */ = {isa = PBXFileReference; lastKnownFileType = image.icns; path = EchoPilot.icns; sourceTree = "<group>"; };
		ECA55E710000000000000001 /* Assets.xcassets */ = {isa = PBXFileReference; lastKnownFileType = folder.assetcatalog; path = Assets.xcassets; sourceTree = "<group>"; };
		2F8FE905E6F0420592CC7167 /* Info.plist */ = {isa = PBXFileReference; lastKnownFileType = text.plist.xml; path = Info.plist; sourceTree = "<group>"; };
		4051AF1C94B549B2825345C2 /* EchoPilot.app */ = {isa = PBXFileReference; explicitFileType = wrapper.application; includeInIndex = 0; path = EchoPilot.app; sourceTree = BUILT_PRODUCTS_DIR; };
		1D55D826B65E4634A93D8747 /* EchoPilotApp */ = {
			isa = PBXGroup;
			children = (
				486512294DE14561AFB9E1BA /* EchoPilotApp.swift */,
				ECA55E720000000000000201 /* EchoPilotTheme.swift */,
				ECA55E720000000000000202 /* MeetingCommandCenterView.swift */,
				ECA55E720000000000000203 /* MeetingSidebarView.swift */,
				ECA55E720000000000000204 /* MeetingDetectionCard.swift */,
				ECA55E720000000000000205 /* RecordingControlCard.swift */,
				ECA55E720000000000000206 /* TranscriptionInspectorView.swift */,
				ECA55E720000000000000207 /* MeetingReviewView.swift */,
			);
			path = Sources/EchoPilotApp;
			sourceTree = "<group>";
		};
		27189EF70EC1466A9029DBE1 /* EchoPilot */ = {
			isa = PBXGroup;
			children = (
				ECA55E710000000000000003 /* EchoPilot.icns */,
				ECA55E710000000000000001 /* Assets.xcassets */,
				2F8FE905E6F0420592CC7167 /* Info.plist */,
			);
			path = EchoPilot;
			sourceTree = "<group>";
		};
		503ADCBC7E2C497E9C4A43EA /* Xcode */ = {
			isa = PBXGroup;
			children = (
				27189EF70EC1466A9029DBE1 /* EchoPilot */,
			);
			path = Xcode;
			sourceTree = "<group>";
		};
		87CC876399DB4841A44D589E /* Products */ = {
			isa = PBXGroup;
			children = (
				4051AF1C94B549B2825345C2 /* EchoPilot.app */,
			);
			name = Products;
			sourceTree = "<group>";
		};
		901904890E57435AB06D197A = {
			isa = PBXGroup;
			children = (
				1D55D826B65E4634A93D8747 /* EchoPilotApp */,
				ECA55E710000000000000005 /* scripts */,
				503ADCBC7E2C497E9C4A43EA /* Xcode */,
				87CC876399DB4841A44D589E /* Products */,
			);
			sourceTree = "<group>";
		};
		689A17712D8341E6B87E4D9C /* Sources */ = {
			isa = PBXSourcesBuildPhase;
			buildActionMask = 2147483647;
			files = (
				CC84F43451D64AA299F08E0E /* EchoPilotApp.swift in Sources */,
				ECA55E720000000000000101 /* EchoPilotTheme.swift in Sources */,
				ECA55E720000000000000102 /* MeetingCommandCenterView.swift in Sources */,
				ECA55E720000000000000103 /* MeetingSidebarView.swift in Sources */,
				ECA55E720000000000000104 /* MeetingDetectionCard.swift in Sources */,
				ECA55E720000000000000105 /* RecordingControlCard.swift in Sources */,
				ECA55E720000000000000106 /* TranscriptionInspectorView.swift in Sources */,
				ECA55E720000000000000107 /* MeetingReviewView.swift in Sources */,
			);
			runOnlyForDeploymentPostprocessing = 0;
		};
		6E91603A50854A169CEA6CEE /* Frameworks */ = {isa = PBXFrameworksBuildPhase; buildActionMask = 2147483647; files = (); runOnlyForDeploymentPostprocessing = 0; };
		CD59913E7674421BA5C18ADD /* Resources */ = {
			isa = PBXResourcesBuildPhase;
			buildActionMask = 2147483647;
			files = (
				ECA55E710000000000000004 /* EchoPilot.icns in Resources */,
				ECA55E710000000000000002 /* Assets.xcassets in Resources */,
				ECA55E710000000000000006 /* scripts in Resources */,
			);
			runOnlyForDeploymentPostprocessing = 0;
		};
		A77788A7FCD74CF98D124A09 /* EchoPilot */ = {
			isa = PBXNativeTarget;
			buildConfigurationList = 95F00D844D6746589F6D41B0 /* Build configuration list for PBXNativeTarget "EchoPilot" */;
			buildPhases = (
				689A17712D8341E6B87E4D9C /* Sources */,
				6E91603A50854A169CEA6CEE /* Frameworks */,
				CD59913E7674421BA5C18ADD /* Resources */,
			);
			buildRules = ();
			dependencies = ();
			name = EchoPilot;
			productName = EchoPilot;
			productReference = 4051AF1C94B549B2825345C2 /* EchoPilot.app */;
			productType = "com.apple.product-type.application";
		};
		A6E3D535EB1C42B59B9835E2 /* Project object */ = {
			isa = PBXProject;
			attributes = {
				BuildIndependentTargetsInParallel = 1;
				LastSwiftUpdateCheck = 2600;
				LastUpgradeCheck = 2600;
				TargetAttributes = {
					A77788A7FCD74CF98D124A09 = { CreatedOnToolsVersion = 26.0; };
				};
			};
			buildConfigurationList = 589150DBC2EA4C3F9FDD13EF /* Build configuration list for PBXProject "EchoPilot" */;
			compatibilityVersion = "Xcode 15.0";
			developmentRegion = en;
			hasScannedForEncodings = 0;
			knownRegions = (en, Base);
			mainGroup = 901904890E57435AB06D197A;
			productRefGroup = 87CC876399DB4841A44D589E /* Products */;
			projectDirPath = "";
			projectRoot = "";
			targets = (
				A77788A7FCD74CF98D124A09 /* EchoPilot */,
			);
		};
		C2D4D60208634DE0B0CBA5EA /* Debug */ = {
			isa = XCBuildConfiguration;
			buildSettings = {
				ALWAYS_SEARCH_USER_PATHS = NO;
				CLANG_ANALYZER_NONNULL = YES;
				CLANG_ANALYZER_NUMBER_OBJECT_CONVERSION = YES_AGGRESSIVE;
				CLANG_CXX_LANGUAGE_STANDARD = "gnu++20";
				CLANG_ENABLE_MODULES = YES;
				CLANG_ENABLE_OBJC_ARC = YES;
				CLANG_ENABLE_OBJC_WEAK = YES;
				CLANG_WARN_BLOCK_CAPTURE_AUTORELEASING = YES;
				CLANG_WARN_BOOL_CONVERSION = YES;
				CLANG_WARN_COMMA = YES;
				CLANG_WARN_CONSTANT_CONVERSION = YES;
				CLANG_WARN_DEPRECATED_OBJC_IMPLEMENTATIONS = YES;
				CLANG_WARN_DIRECT_OBJC_ISA_USAGE = YES_ERROR;
				CLANG_WARN_DOCUMENTATION_COMMENTS = YES;
				CLANG_WARN_EMPTY_BODY = YES;
				CLANG_WARN_ENUM_CONVERSION = YES;
				CLANG_WARN_INFINITE_RECURSION = YES;
				CLANG_WARN_INT_CONVERSION = YES;
				CLANG_WARN_NON_LITERAL_NULL_CONVERSION = YES;
				CLANG_WARN_OBJC_IMPLICIT_RETAIN_SELF = YES;
				CLANG_WARN_OBJC_LITERAL_CONVERSION = YES;
				CLANG_WARN_OBJC_ROOT_CLASS = YES_ERROR;
				CLANG_WARN_QUOTED_INCLUDE_IN_FRAMEWORK_HEADER = YES;
				CLANG_WARN_RANGE_LOOP_ANALYSIS = YES;
				CLANG_WARN_STRICT_PROTOTYPES = YES;
				CLANG_WARN_SUSPICIOUS_MOVE = YES;
				CLANG_WARN_UNGUARDED_AVAILABILITY = YES_AGGRESSIVE;
				CLANG_WARN_UNREACHABLE_CODE = YES;
				CLANG_WARN__DUPLICATE_METHOD_MATCH = YES;
				COPY_PHASE_STRIP = NO;
				ENABLE_STRICT_OBJC_MSGSEND = YES;
				ENABLE_TESTABILITY = YES;
				GCC_C_LANGUAGE_STANDARD = gnu17;
				GCC_NO_COMMON_BLOCKS = YES;
				GCC_WARN_64_TO_32_BIT_CONVERSION = YES;
				GCC_WARN_ABOUT_RETURN_TYPE = YES_ERROR;
				GCC_WARN_UNDECLARED_SELECTOR = YES;
				GCC_WARN_UNINITIALIZED_AUTOS = YES_AGGRESSIVE;
				GCC_WARN_UNUSED_FUNCTION = YES;
				GCC_WARN_UNUSED_VARIABLE = YES;
				MACOSX_DEPLOYMENT_TARGET = "13.0";
				MTL_ENABLE_DEBUG_INFO = INCLUDE_SOURCE;
				MTL_FAST_MATH = YES;
				SDKROOT = macosx;
				SWIFT_ACTIVE_COMPILATION_CONDITIONS = DEBUG;
				SWIFT_OPTIMIZATION_LEVEL = -Onone;
			};
			name = Debug;
		};
		2C923C63B78F41939FD52821 /* Release */ = {
			isa = XCBuildConfiguration;
			buildSettings = {
				ALWAYS_SEARCH_USER_PATHS = NO;
				CLANG_ANALYZER_NONNULL = YES;
				CLANG_ANALYZER_NUMBER_OBJECT_CONVERSION = YES_AGGRESSIVE;
				CLANG_CXX_LANGUAGE_STANDARD = "gnu++20";
				CLANG_ENABLE_MODULES = YES;
				CLANG_ENABLE_OBJC_ARC = YES;
				CLANG_ENABLE_OBJC_WEAK = YES;
				CLANG_WARN_BLOCK_CAPTURE_AUTORELEASING = YES;
				CLANG_WARN_BOOL_CONVERSION = YES;
				CLANG_WARN_COMMA = YES;
				CLANG_WARN_CONSTANT_CONVERSION = YES;
				CLANG_WARN_DEPRECATED_OBJC_IMPLEMENTATIONS = YES;
				CLANG_WARN_DIRECT_OBJC_ISA_USAGE = YES_ERROR;
				CLANG_WARN_DOCUMENTATION_COMMENTS = YES;
				CLANG_WARN_EMPTY_BODY = YES;
				CLANG_WARN_ENUM_CONVERSION = YES;
				CLANG_WARN_INFINITE_RECURSION = YES;
				CLANG_WARN_INT_CONVERSION = YES;
				CLANG_WARN_NON_LITERAL_NULL_CONVERSION = YES;
				CLANG_WARN_OBJC_IMPLICIT_RETAIN_SELF = YES;
				CLANG_WARN_OBJC_LITERAL_CONVERSION = YES;
				CLANG_WARN_OBJC_ROOT_CLASS = YES_ERROR;
				CLANG_WARN_QUOTED_INCLUDE_IN_FRAMEWORK_HEADER = YES;
				CLANG_WARN_RANGE_LOOP_ANALYSIS = YES;
				CLANG_WARN_STRICT_PROTOTYPES = YES;
				CLANG_WARN_SUSPICIOUS_MOVE = YES;
				CLANG_WARN_UNGUARDED_AVAILABILITY = YES_AGGRESSIVE;
				CLANG_WARN_UNREACHABLE_CODE = YES;
				CLANG_WARN__DUPLICATE_METHOD_MATCH = YES;
				COPY_PHASE_STRIP = YES;
				ENABLE_STRICT_OBJC_MSGSEND = YES;
				ENABLE_TESTABILITY = NO;
				GCC_C_LANGUAGE_STANDARD = gnu17;
				GCC_NO_COMMON_BLOCKS = YES;
				GCC_WARN_64_TO_32_BIT_CONVERSION = YES;
				GCC_WARN_ABOUT_RETURN_TYPE = YES_ERROR;
				GCC_WARN_UNDECLARED_SELECTOR = YES;
				GCC_WARN_UNINITIALIZED_AUTOS = YES_AGGRESSIVE;
				GCC_WARN_UNUSED_FUNCTION = YES;
				GCC_WARN_UNUSED_VARIABLE = YES;
				MACOSX_DEPLOYMENT_TARGET = "13.0";
				MTL_ENABLE_DEBUG_INFO = NO;
				MTL_FAST_MATH = YES;
				SDKROOT = macosx;
				SWIFT_OPTIMIZATION_LEVEL = -O;
				VALIDATE_PRODUCT = YES;
			};
			name = Release;
		};
		B26488696FE7404A8B2F23FD /* Debug */ = {
			isa = XCBuildConfiguration;
			buildSettings = {
				ASSETCATALOG_COMPILER_APPICON_NAME = AppIcon;
				CODE_SIGN_ENTITLEMENTS = "Xcode/EchoPilot/EchoPilot.entitlements";
				CODE_SIGN_IDENTITY = "Apple Development";
				CODE_SIGN_STYLE = Automatic;
				COMBINE_HIDPI_IMAGES = YES;
				CURRENT_PROJECT_VERSION = 23;
				DEAD_CODE_STRIPPING = YES;
				ENABLE_HARDENED_RUNTIME = YES;
				GENERATE_INFOPLIST_FILE = NO;
				INFOPLIST_FILE = "Xcode/EchoPilot/Info.plist";
				LD_RUNPATH_SEARCH_PATHS = "$(inherited) @executable_path/../Frameworks";
				MARKETING_VERSION = 0.1.22;
				PRODUCT_BUNDLE_IDENTIFIER = "com.echopilot.app";
				PRODUCT_NAME = "EchoPilot";
				SWIFT_EMIT_LOC_STRINGS = YES;
				SWIFT_VERSION = "5.0";
			};
			name = Debug;
		};
		B80DFF74352047338213335B /* Release */ = {
			isa = XCBuildConfiguration;
			buildSettings = {
				ASSETCATALOG_COMPILER_APPICON_NAME = AppIcon;
				CODE_SIGN_ENTITLEMENTS = "Xcode/EchoPilot/EchoPilot.entitlements";
				CODE_SIGN_IDENTITY = "Apple Development";
				CODE_SIGN_STYLE = Automatic;
				COMBINE_HIDPI_IMAGES = YES;
				CURRENT_PROJECT_VERSION = 23;
				DEAD_CODE_STRIPPING = YES;
				ENABLE_HARDENED_RUNTIME = YES;
				GENERATE_INFOPLIST_FILE = NO;
				INFOPLIST_FILE = "Xcode/EchoPilot/Info.plist";
				LD_RUNPATH_SEARCH_PATHS = "$(inherited) @executable_path/../Frameworks";
				MARKETING_VERSION = 0.1.22;
				PRODUCT_BUNDLE_IDENTIFIER = "com.echopilot.app";
				PRODUCT_NAME = "EchoPilot";
				SWIFT_EMIT_LOC_STRINGS = YES;
				SWIFT_VERSION = "5.0";
			};
			name = Release;
		};
		589150DBC2EA4C3F9FDD13EF /* Build configuration list for PBXProject "EchoPilot" */ = {isa = XCConfigurationList; buildConfigurations = (C2D4D60208634DE0B0CBA5EA /* Debug */, 2C923C63B78F41939FD52821 /* Release */, ); defaultConfigurationIsVisible = 0; defaultConfigurationName = Release; };
		95F00D844D6746589F6D41B0 /* Build configuration list for PBXNativeTarget "EchoPilot" */ = {isa = XCConfigurationList; buildConfigurations = (B26488696FE7404A8B2F23FD /* Debug */, B80DFF74352047338213335B /* Release */, ); defaultConfigurationIsVisible = 0; defaultConfigurationName = Release; };
	};
	rootObject = A6E3D535EB1C42B59B9835E2 /* Project object */;
}
